<?xml version="1.0" encoding="UTF-8" standalone="yes" ?>
<CodeBlocks_project_file>
	<FileVersion major="1" minor="6" />
	<Project>
		<Option title="Chip8Emu" />
		<Option pch_mode="2" />
		<Option compiler="gcc" />
		<Build>
			<Target title="Debug">
				<Option output="bin/Debug/Chip8Emu" prefix_auto="1" extension_auto="1" />
				<Option object_output="obj/Debug/" />
				<Option type="0" />
				<Option compiler="gcc" />
				<Option projectLinkerOptionsRelation="2" />
				<Compiler>
					<Add option="-std=c++11" />
					<Add option="-g" />
					<Add option="`wx-config --cflags`" />
					<Add directory="include" />
				</Compiler>
				<Linker>
					<Add option="`wx-config --libs` -lSDL2" />
				</Linker>
			</Target>
			<Target title="Release">
				<Option output="bin/Release/Chip8Emu" prefix_auto="1" extension_auto="1" />
				<Option object_output="obj/Release/" />
				<Option type="0" />
				<Option compiler="gcc" />
				<Option projectLinkerOptionsRelation="2" />
				<Compiler>
					<Add option="-O2" />
					<Add option="-std=c++11" />
					<Add option="`wx-config --cflags --gl-libs`" />
					<Add directory="include" />
				</Compiler>
				<Linker>
					<Add option="-s" />
					<Add option="`wx-config --libs` -lSDL2" />
				</Linker>
			</Target>
		</Build>
		<Compiler>
			<Add option="-std=c++11" />
			<Add option="-Wall" />
			<Add option="-g" />
			<Add option="`wx-config --cflags --gl-libs`" />
		</Compiler>
		<Linker>
			<Add option="`wx-config --cflags --gl-libs` -lSDL2 -lSDL2_mixer -lrt" />
			<Add option="-lftgl" />
			<Add library="GL" />
		</Linker>
		<Unit filename="Chip8/Chip8.cpp" />
		<Unit filename="Chip8/Chip8.h" />
		<Unit filename="Chip8EmuApp.cpp" />
		<Unit filename="Chip8EmuApp.h" />
		<Unit filename="Chip8EmuMain.cpp" />
		<Unit filename="Chip8EmuMain.h" />
		<Unit filename="include/Chip8GL.h" />
		<Unit filename="src/Chip8GL.cpp" />
		<Unit filename="wxsmith/Chip8Emuframe.wxs" />
		<Extensions>
			<envvars />
			<code_completion />
			<debugger />
			<wxsmith version="1">
				<gui name="wxWidgets" src="Chip8EmuApp.cpp" main="Chip8EmuFrame" init_handlers="necessary" language="CPP" />
				<resources>
					<wxFrame wxs="wxsmith/Chip8Emuframe.wxs" src="Chip8EmuMain.cpp" hdr="Chip8EmuMain.h" fwddecl="0" i18n="1" name="Chip8EmuFrame" language="CPP" />
				</resources>
			</wxsmith>
		</Extensions>
	</Project>
</CodeBlocks_project_file>
